
Microsoft Visual Studio Solution File, Format Version 12.00
# Visual Studio Version 17
VisualStudioVersion = 17.13.35806.99 d17.13
MinimumVisualStudioVersion = 10.0.40219.1
Project("{FAE04EC0-301F-11D3-BF4B-00C04F79EFBC}") = "MagoloAITools", "MagoloAITools.csproj", "{3C36A27B-D6FF-43DC-B9AC-304CC68393D2}"
EndProject
Global
	GlobalSection(SolutionConfigurationPlatforms) = preSolution
		Debug|Any CPU = Debug|Any CPU
		Release|Any CPU = Release|Any CPU
	EndGlobalSection
	GlobalSection(ProjectConfigurationPlatforms) = postSolution
		{3C36A27B-D6FF-43DC-B9AC-304CC68393D2}.Debug|Any CPU.ActiveCfg = Debug|Any CPU
		{3C36A27B-D6FF-43DC-B9AC-304CC68393D2}.Debug|Any CPU.Build.0 = Debug|Any CPU
		{3C36A27B-D6FF-43DC-B9AC-304CC68393D2}.Release|Any CPU.ActiveCfg = Release|Any CPU
		{3C36A27B-D6FF-43DC-B9AC-304CC68393D2}.Release|Any CPU.Build.0 = Release|Any CPU
	EndGlobalSection
	GlobalSection(SolutionProperties) = preSolution
		HideSolutionNode = FALSE
	EndGlobalSection
	GlobalSection(ExtensibilityGlobals) = postSolution
		SolutionGuid = {49F3E8B8-16E8-4796-A3E3-4E7A51A1A4B9}
	EndGlobalSection
EndGlobal
